// !$*UTF8*$!
{
	archiveVersion = 1;
	classes = {
	};
	objectVersion = 50;
	objects = {

/* Begin PBXBuildFile section */
		F1A8AFCF260AB70400E85651 /* Header.swift in Sources */ = {isa = PBXBuildFile; fileRef = F1A8AFCE260AB70400E85651 /* Header.swift */; };
		F1A8AFD4260BE51900E85651 /* ImageLoader.swift in Sources */ = {isa = PBXBuildFile; fileRef = F1A8AFD3260BE51900E85651 /* ImageLoader.swift */; };
		F1A8AFD9260BE55C00E85651 /* AsyncImage.swift in Sources */ = {isa = PBXBuildFile; fileRef = F1A8AFD8260BE55C00E85651 /* AsyncImage.swift */; };
		F1EC38DA25963EE500C43F6E /* AppDelegate.swift in Sources */ = {isa = PBXBuildFile; fileRef = F1EC38D925963EE500C43F6E /* AppDelegate.swift */; };
		F1EC38DC25963EE500C43F6E /* SceneDelegate.swift in Sources */ = {isa = PBXBuildFile; fileRef = F1EC38DB25963EE500C43F6E /* SceneDelegate.swift */; };
		F1EC38DE25963EE500C43F6E /* ContentView.swift in Sources */ = {isa = PBXBuildFile; fileRef = F1EC38DD25963EE500C43F6E /* ContentView.swift */; };
		F1EC38E025963EE600C43F6E /* Assets.xcassets in Resources */ = {isa = PBXBuildFile; fileRef = F1EC38DF25963EE600C43F6E /* Assets.xcassets */; };
		F1EC38E325963EE600C43F6E /* Preview Assets.xcassets in Resources */ = {isa = PBXBuildFile; fileRef = F1EC38E225963EE600C43F6E /* Preview Assets.xcassets */; };
		F1EC38E625963EE600C43F6E /* LaunchScreen.storyboard in Resources */ = {isa = PBXBuildFile; fileRef = F1EC38E425963EE600C43F6E /* LaunchScreen.storyboard */; };
		F1EC38F125963EE600C43F6E /* MyCryptoPortfolioTests.swift in Sources */ = {isa = PBXBuildFile; fileRef = F1EC38F025963EE600C43F6E /* MyCryptoPortfolioTests.swift */; };
		F1EC38FC25963EE600C43F6E /* MyCryptoPortfolioUITests.swift in Sources */ = {isa = PBXBuildFile; fileRef = F1EC38FB25963EE600C43F6E /* MyCryptoPortfolioUITests.swift */; };
		F1EC390D259640B500C43F6E /* Data.swift in Sources */ = {isa = PBXBuildFile; fileRef = F1EC390C259640B500C43F6E /* Data.swift */; };
		F1EC3912259650E800C43F6E /* PostList.swift in Sources */ = {isa = PBXBuildFile; fileRef = F1EC3911259650E800C43F6E /* PostList.swift */; };
		F1EC39172596CFB000C43F6E /* Coin.swift in Sources */ = {isa = PBXBuildFile; fileRef = F1EC39162596CFB000C43F6E /* Coin.swift */; };
/* End PBXBuildFile section */

/* Begin PBXContainerItemProxy section */
		F1EC38ED25963EE600C43F6E /* PBXContainerItemProxy */ = {
			isa = PBXContainerItemProxy;
			containerPortal = F1EC38CE25963EE400C43F6E /* Project object */;
			proxyType = 1;
			remoteGlobalIDString = F1EC38D525963EE500C43F6E;
			remoteInfo = MyCryptoPortfolio;
		};
		F1EC38F825963EE600C43F6E /* PBXContainerItemProxy */ = {
			isa = PBXContainerItemProxy;
			containerPortal = F1EC38CE25963EE400C43F6E /* Project object */;
			proxyType = 1;
			remoteGlobalIDString = F1EC38D525963EE500C43F6E;
			remoteInfo = MyCryptoPortfolio;
		};
/* End PBXContainerItemProxy section */

/* Begin PBXFileReference section */
		F1A8AFCE260AB70400E85651 /* Header.swift */ = {isa = PBXFileReference; lastKnownFileType = sourcecode.swift; path = Header.swift; sourceTree = "<group>"; };
		F1A8AFD3260BE51900E85651 /* ImageLoader.swift */ = {isa = PBXFileReference; lastKnownFileType = sourcecode.swift; path = ImageLoader.swift; sourceTree = "<group>"; };
		F1A8AFD8260BE55C00E85651 /* AsyncImage.swift */ = {isa = PBXFileReference; lastKnownFileType = sourcecode.swift; path = AsyncImage.swift; sourceTree = "<group>"; };
		F1EC38D625963EE500C43F6E /* MyCryptoPortfolio.app */ = {isa = PBXFileReference; explicitFileType = wrapper.application; includeInIndex = 0; path = MyCryptoPortfolio.app; sourceTree = BUILT_PRODUCTS_DIR; };
		F1EC38D925963EE500C43F6E /* AppDelegate.swift */ = {isa = PBXFileReference; lastKnownFileType = sourcecode.swift; path = AppDelegate.swift; sourceTree = "<group>"; };
		F1EC38DB25963EE500C43F6E /* SceneDelegate.swift */ = {isa = PBXFileReference; lastKnownFileType = sourcecode.swift; path = SceneDelegate.swift; sourceTree = "<group>"; };
		F1EC38DD25963EE500C43F6E /* ContentView.swift */ = {isa = PBXFileReference; lastKnownFileType = sourcecode.swift; path = ContentView.swift; sourceTree = "<group>"; };
		F1EC38DF25963EE600C43F6E /* Assets.xcassets */ = {isa = PBXFileReference; lastKnownFileType = folder.assetcatalog; path = Assets.xcassets; sourceTree = "<group>"; };
		F1EC38E225963EE600C43F6E /* Preview Assets.xcassets */ = {isa = PBXFileReference; lastKnownFileType = folder.assetcatalog; path = "Preview Assets.xcassets"; sourceTree = "<group>"; };
		F1EC38E525963EE600C43F6E /* Base */ = {isa = PBXFileReference; lastKnownFileType = file.storyboard; name = Base; path = Base.lproj/LaunchScreen.storyboard; sourceTree = "<group>"; };
		F1EC38E725963EE600C43F6E /* Info.plist */ = {isa = PBXFileReference; lastKnownFileType = text.plist.xml; path = Info.plist; sourceTree = "<group>"; };
		F1EC38EC25963EE600C43F6E /* MyCryptoPortfolioTests.xctest */ = {isa = PBXFileReference; explicitFileType = wrapper.cfbundle; includeInIndex = 0; path = MyCryptoPortfolioTests.xctest; sourceTree = BUILT_PRODUCTS_DIR; };
		F1EC38F025963EE600C43F6E /* MyCryptoPortfolioTests.swift */ = {isa = PBXFileReference; lastKnownFileType = sourcecode.swift; path = MyCryptoPortfolioTests.swift; sourceTree = "<group>"; };
		F1EC38F225963EE600C43F6E /* Info.plist */ = {isa = PBXFileReference; lastKnownFileType = text.plist.xml; path = Info.plist; sourceTree = "<group>"; };
		F1EC38F725963EE600C43F6E /* MyCryptoPortfolioUITests.xctest */ = {isa = PBXFileReference; explicitFileType = wrapper.cfbundle; includeInIndex = 0; path = MyCryptoPortfolioUITests.xctest; sourceTree = BUILT_PRODUCTS_DIR; };
		F1EC38FB25963EE600C43F6E /* MyCryptoPortfolioUITests.swift */ = {isa = PBXFileReference; lastKnownFileType = sourcecode.swift; path = MyCryptoPortfolioUITests.swift; sourceTree = "<group>"; };
		F1EC38FD25963EE600C43F6E /* Info.plist */ = {isa = PBXFileReference; lastKnownFileType = text.plist.xml; path = Info.plist; sourceTree = "<group>"; };
		F1EC390C259640B500C43F6E /* Data.swift */ = {isa = PBXFileReference; lastKnownFileType = sourcecode.swift; path = Data.swift; sourceTree = "<group>"; };
		F1EC3911259650E800C43F6E /* PostList.swift */ = {isa = PBXFileReference; lastKnownFileType = sourcecode.swift; path = PostList.swift; sourceTree = "<group>"; };
		F1EC39162596CFB000C43F6E /* Coin.swift */ = {isa = PBXFileReference; lastKnownFileType = sourcecode.swift; path = Coin.swift; sourceTree = "<group>"; };
/* End PBXFileReference section */

/* Begin PBXFrameworksBuildPhase section */
		F1EC38D325963EE500C43F6E /* Frameworks */ = {
			isa = PBXFrameworksBuildPhase;
			buildActionMask = 2147483647;
			files = (
			);
			runOnlyForDeploymentPostprocessing = 0;
		};
		F1EC38E925963EE600C43F6E /* Frameworks */ = {
			isa = PBXFrameworksBuildPhase;
			buildActionMask = 2147483647;
			files = (
			);
			runOnlyForDeploymentPostprocessing = 0;
		};
		F1EC38F425963EE600C43F6E /* Frameworks */ = {
			isa = PBXFrameworksBuildPhase;
			buildActionMask = 2147483647;
			files = (
			);
			runOnlyForDeploymentPostprocessing = 0;
		};
/* End PBXFrameworksBuildPhase section */

/* Begin PBXGroup section */
		F1EC38CD25963EE400C43F6E = {
			isa = PBXGroup;
			children = (
				F1A8AFD3260BE51900E85651 /* ImageLoader.swift */,
				F1A8AFD8260BE55C00E85651 /* AsyncImage.swift */,
				F1A8AFCE260AB70400E85651 /* Header.swift */,
				F1EC38D825963EE500C43F6E /* MyCryptoPortfolio */,
				F1EC38EF25963EE600C43F6E /* MyCryptoPortfolioTests */,
				F1EC38FA25963EE600C43F6E /* MyCryptoPortfolioUITests */,
				F1EC38D725963EE500C43F6E /* Products */,
			);
			sourceTree = "<group>";
		};
		F1EC38D725963EE500C43F6E /* Products */ = {
			isa = PBXGroup;
			children = (
				F1EC38D625963EE500C43F6E /* MyCryptoPortfolio.app */,
				F1EC38EC25963EE600C43F6E /* MyCryptoPortfolioTests.xctest */,
				F1EC38F725963EE600C43F6E /* MyCryptoPortfolioUITests.xctest */,
			);
			name = Products;
			sourceTree = "<group>";
		};
		F1EC38D825963EE500C43F6E /* MyCryptoPortfolio */ = {
			isa = PBXGroup;
			children = (
				F1EC38D925963EE500C43F6E /* AppDelegate.swift */,
				F1EC38DB25963EE500C43F6E /* SceneDelegate.swift */,
				F1EC38DD25963EE500C43F6E /* ContentView.swift */,
				F1EC390C259640B500C43F6E /* Data.swift */,
				F1EC3911259650E800C43F6E /* PostList.swift */,
				F1EC38DF25963EE600C43F6E /* Assets.xcassets */,
				F1EC38E425963EE600C43F6E /* LaunchScreen.storyboard */,
				F1EC38E725963EE600C43F6E /* Info.plist */,
				F1EC38E125963EE600C43F6E /* Preview Content */,
				F1EC39162596CFB000C43F6E /* Coin.swift */,
			);
			path = MyCryptoPortfolio;
			sourceTree = "<group>";
		};
		F1EC38E125963EE600C43F6E /* Preview Content */ = {
			isa = PBXGroup;
			children = (
				F1EC38E225963EE600C43F6E /* Preview Assets.xcassets */,
			);
			path = "Preview Content";
			sourceTree = "<group>";
		};
		F1EC38EF25963EE600C43F6E /* MyCryptoPortfolioTests */ = {
			isa = PBXGroup;
			children = (
				F1EC38F025963EE600C43F6E /* MyCryptoPortfolioTests.swift */,
				F1EC38F225963EE600C43F6E /* Info.plist */,
			);
			path = MyCryptoPortfolioTests;
			sourceTree = "<group>";
		};
		F1EC38FA25963EE600C43F6E /* MyCryptoPortfolioUITests */ = {
			isa = PBXGroup;
			children = (
				F1EC38FB25963EE600C43F6E /* MyCryptoPortfolioUITests.swift */,
				F1EC38FD25963EE600C43F6E /* Info.plist */,
			);
			path = MyCryptoPortfolioUITests;
			sourceTree = "<group>";
		};
/* End PBXGroup section */

/* Begin PBXNativeTarget section */
		F1EC38D525963EE500C43F6E /* MyCryptoPortfolio */ = {
			isa = PBXNativeTarget;
			buildConfigurationList = F1EC390025963EE600C43F6E /* Build configuration list for PBXNativeTarget "MyCryptoPortfolio" */;
			buildPhases = (
				F1EC38D225963EE500C43F6E /* Sources */,
				F1EC38D325963EE500C43F6E /* Frameworks */,
				F1EC38D425963EE500C43F6E /* Resources */,
			);
			buildRules = (
			);
			dependencies = (
			);
			name = MyCryptoPortfolio;
			productName = MyCryptoPortfolio;
			productReference = F1EC38D625963EE500C43F6E /* MyCryptoPortfolio.app */;
			productType = "com.apple.product-type.application";
		};
		F1EC38EB25963EE600C43F6E /* MyCryptoPortfolioTests */ = {
			isa = PBXNativeTarget;
			buildConfigurationList = F1EC390325963EE600C43F6E /* Build configuration list for PBXNativeTarget "MyCryptoPortfolioTests" */;
			buildPhases = (
				F1EC38E825963EE600C43F6E /* Sources */,
				F1EC38E925963EE600C43F6E /* Frameworks */,
				F1EC38EA25963EE600C43F6E /* Resources */,
			);
			buildRules = (
			);
			dependencies = (
				F1EC38EE25963EE600C43F6E /* PBXTargetDependency */,
			);
			name = MyCryptoPortfolioTests;
			productName = MyCryptoPortfolioTests;
			productReference = F1EC38EC25963EE600C43F6E /* MyCryptoPortfolioTests.xctest */;
			productType = "com.apple.product-type.bundle.unit-test";
		};
		F1EC38F625963EE600C43F6E /* MyCryptoPortfolioUITests */ = {
			isa = PBXNativeTarget;
			buildConfigurationList = F1EC390625963EE600C43F6E /* Build configuration list for PBXNativeTarget "MyCryptoPortfolioUITests" */;
			buildPhases = (
				F1EC38F325963EE600C43F6E /* Sources */,
				F1EC38F425963EE600C43F6E /* Frameworks */,
				F1EC38F525963EE600C43F6E /* Resources */,
			);
			buildRules = (
			);
			dependencies = (
				F1EC38F925963EE600C43F6E /* PBXTargetDependency */,
			);
			name = MyCryptoPortfolioUITests;
			productName = MyCryptoPortfolioUITests;
			productReference = F1EC38F725963EE600C43F6E /* MyCryptoPortfolioUITests.xctest */;
			productType = "com.apple.product-type.bundle.ui-testing";
		};
/* End PBXNativeTarget section */

/* Begin PBXProject section */
		F1EC38CE25963EE400C43F6E /* Project object */ = {
			isa = PBXProject;
			attributes = {
				LastSwiftUpdateCheck = 1210;
				LastUpgradeCheck = 1210;
				TargetAttributes = {
					F1EC38D525963EE500C43F6E = {
						CreatedOnToolsVersion = 12.1;
					};
					F1EC38EB25963EE600C43F6E = {
						CreatedOnToolsVersion = 12.1;
						TestTargetID = F1EC38D525963EE500C43F6E;
					};
					F1EC38F625963EE600C43F6E = {
						CreatedOnToolsVersion = 12.1;
						TestTargetID = F1EC38D525963EE500C43F6E;
					};
				};
			};
			buildConfigurationList = F1EC38D125963EE400C43F6E /* Build configuration list for PBXProject "MyCryptoPortfolio" */;
			compatibilityVersion = "Xcode 9.3";
			developmentRegion = en;
			hasScannedForEncodings = 0;
			knownRegions = (
				en,
				Base,
			);
			mainGroup = F1EC38CD25963EE400C43F6E;
			productRefGroup = F1EC38D725963EE500C43F6E /* Products */;
			projectDirPath = "";
			projectRoot = "";
			targets = (
				F1EC38D525963EE500C43F6E /* MyCryptoPortfolio */,
				F1EC38EB25963EE600C43F6E /* MyCryptoPortfolioTests */,
				F1EC38F625963EE600C43F6E /* MyCryptoPortfolioUITests */,
			);
		};
/* End PBXProject section */

/* Begin PBXResourcesBuildPhase section */
		F1EC38D425963EE500C43F6E /* Resources */ = {
			isa = PBXResourcesBuildPhase;
			buildActionMask = 2147483647;
			files = (
				F1EC38E625963EE600C43F6E /* LaunchScreen.storyboard in Resources */,
				F1EC38E325963EE600C43F6E /* Preview Assets.xcassets in Resources */,
				F1EC38E025963EE600C43F6E /* Assets.xcassets in Resources */,
			);
			runOnlyForDeploymentPostprocessing = 0;
		};
		F1EC38EA25963EE600C43F6E /* Resources */ = {
			isa = PBXResourcesBuildPhase;
			buildActionMask = 2147483647;
			files = (
			);
			runOnlyForDeploymentPostprocessing = 0;
		};
		F1EC38F525963EE600C43F6E /* Resources */ = {
			isa = PBXResourcesBuildPhase;
			buildActionMask = 2147483647;
			files = (
			);
			runOnlyForDeploymentPostprocessing = 0;
		};
/* End PBXResourcesBuildPhase section */

/* Begin PBXSourcesBuildPhase section */
		F1EC38D225963EE500C43F6E /* Sources */ = {
			isa = PBXSourcesBuildPhase;
			buildActionMask = 2147483647;
			files = (
				F1EC39172596CFB000C43F6E /* Coin.swift in Sources */,
				F1A8AFD9260BE55C00E85651 /* AsyncImage.swift in Sources */,
				F1EC38DA25963EE500C43F6E /* AppDelegate.swift in Sources */,
				F1EC3912259650E800C43F6E /* PostList.swift in Sources */,
				F1A8AFCF260AB70400E85651 /* Header.swift in Sources */,
				F1EC38DC25963EE500C43F6E /* SceneDelegate.swift in Sources */,
				F1EC38DE25963EE500C43F6E /* ContentView.swift in Sources */,
				F1A8AFD4260BE51900E85651 /* ImageLoader.swift in Sources */,
				F1EC390D259640B500C43F6E /* Data.swift in Sources */,
			);
			runOnlyForDeploymentPostprocessing = 0;
		};
		F1EC38E825963EE600C43F6E /* Sources */ = {
			isa = PBXSourcesBuildPhase;
			buildActionMask = 2147483647;
			files = (
				F1EC38F125963EE600C43F6E /* MyCryptoPortfolioTests.swift in Sources */,
			);
			runOnlyForDeploymentPostprocessing = 0;
		};
		F1EC38F325963EE600C43F6E /* Sources */ = {
			isa = PBXSourcesBuildPhase;
			buildActionMask = 2147483647;
			files = (
				F1EC38FC25963EE600C43F6E /* MyCryptoPortfolioUITests.swift in Sources */,
			);
			runOnlyForDeploymentPostprocessing = 0;
		};
/* End PBXSourcesBuildPhase section */

/* Begin PBXTargetDependency section */
		F1EC38EE25963EE600C43F6E /* PBXTargetDependency */ = {
			isa = PBXTargetDependency;
			target = F1EC38D525963EE500C43F6E /* MyCryptoPortfolio */;
			targetProxy = F1EC38ED25963EE600C43F6E /* PBXContainerItemProxy */;
		};
		F1EC38F925963EE600C43F6E /* PBXTargetDependency */ = {
			isa = PBXTargetDependency;
			target = F1EC38D525963EE500C43F6E /* MyCryptoPortfolio */;
			targetProxy = F1EC38F825963EE600C43F6E /* PBXContainerItemProxy */;
		};
/* End PBXTargetDependency section */

/* Begin PBXVariantGroup section */
		F1EC38E425963EE600C43F6E /* LaunchScreen.storyboard */ = {
			isa = PBXVariantGroup;
			children = (
				F1EC38E525963EE600C43F6E /* Base */,
			);
			name = LaunchScreen.storyboard;
			sourceTree = "<group>";
		};
/* End PBXVariantGroup section */

/* Begin XCBuildConfiguration section */
		F1EC38FE25963EE600C43F6E /* Debug */ = {
			isa = XCBuildConfiguration;
			buildSettings = {
				ALWAYS_SEARCH_USER_PATHS = NO;
				CLANG_ANALYZER_NONNULL = YES;
				CLANG_ANALYZER_NUMBER_OBJECT_CONVERSION = YES_AGGRESSIVE;
				CLANG_CXX_LANGUAGE_STANDARD = "gnu++14";
				CLANG_CXX_LIBRARY = "libc++";
				CLANG_ENABLE_MODULES = YES;
				CLANG_ENABLE_OBJC_ARC = YES;
				CLANG_ENABLE_OBJC_WEAK = YES;
				CLANG_WARN_BLOCK_CAPTURE_AUTORELEASING = YES;
				CLANG_WARN_BOOL_CONVERSION = YES;
				CLANG_WARN_COMMA = YES;
				CLANG_WARN_CONSTANT_CONVERSION = YES;
				CLANG_WARN_DEPRECATED_OBJC_IMPLEMENTATIONS = YES;
				CLANG_WARN_DIRECT_OBJC_ISA_USAGE = YES_ERROR;
				CLANG_WARN_DOCUMENTATION_COMMENTS = YES;
				CLANG_WARN_EMPTY_BODY = YES;
				CLANG_WARN_ENUM_CONVERSION = YES;
				CLANG_WARN_INFINITE_RECURSION = YES;
				CLANG_WARN_INT_CONVERSION = YES;
				CLANG_WARN_NON_LITERAL_NULL_CONVERSION = YES;
				CLANG_WARN_OBJC_IMPLICIT_RETAIN_SELF = YES;
				CLANG_WARN_OBJC_LITERAL_CONVERSION = YES;
				CLANG_WARN_OBJC_ROOT_CLASS = YES_ERROR;
				CLANG_WARN_QUOTED_INCLUDE_IN_FRAMEWORK_HEADER = YES;
				CLANG_WARN_RANGE_LOOP_ANALYSIS = YES;
				CLANG_WARN_STRICT_PROTOTYPES = YES;
				CLANG_WARN_SUSPICIOUS_MOVE = YES;
				CLANG_WARN_UNGUARDED_AVAILABILITY = YES_AGGRESSIVE;
				CLANG_WARN_UNREACHABLE_CODE = YES;
				CLANG_WARN__DUPLICATE_METHOD_MATCH = YES;
				COPY_PHASE_STRIP = NO;
				DEBUG_INFORMATION_FORMAT = dwarf;
				ENABLE_STRICT_OBJC_MSGSEND = YES;
				ENABLE_TESTABILITY = YES;
				GCC_C_LANGUAGE_STANDARD = gnu11;
				GCC_DYNAMIC_NO_PIC = NO;
				GCC_NO_COMMON_BLOCKS = YES;
				GCC_OPTIMIZATION_LEVEL = 0;
				GCC_PREPROCESSOR_DEFINITIONS = (
					"DEBUG=1",
					"$(inherited)",
				);
				GCC_WARN_64_TO_32_BIT_CONVERSION = YES;
				GCC_WARN_ABOUT_RETURN_TYPE = YES_ERROR;
				GCC_WARN_UNDECLARED_SELECTOR = YES;
				GCC_WARN_UNINITIALIZED_AUTOS = YES_AGGRESSIVE;
				GCC_WARN_UNUSED_FUNCTION = YES;
				GCC_WARN_UNUSED_VARIABLE = YES;
				IPHONEOS_DEPLOYMENT_TARGET = 14.1;
				MTL_ENABLE_DEBUG_INFO = INCLUDE_SOURCE;
				MTL_FAST_MATH = YES;
				ONLY_ACTIVE_ARCH = YES;
				SDKROOT = iphoneos;
				SWIFT_ACTIVE_COMPILATION_CONDITIONS = DEBUG;
				SWIFT_OPTIMIZATION_LEVEL = "-Onone";
			};
			name = Debug;
		};
		F1EC38FF25963EE600C43F6E /* Release */ = {
			isa = XCBuildConfiguration;
			buildSettings = {
				ALWAYS_SEARCH_USER_PATHS = NO;
				CLANG_ANALYZER_NONNULL = YES;
				CLANG_ANALYZER_NUMBER_OBJECT_CONVERSION = YES_AGGRESSIVE;
				CLANG_CXX_LANGUAGE_STANDARD = "gnu++14";
				CLANG_CXX_LIBRARY = "libc++";
				CLANG_ENABLE_MODULES = YES;
				CLANG_ENABLE_OBJC_ARC = YES;
				CLANG_ENABLE_OBJC_WEAK = YES;
				CLANG_WARN_BLOCK_CAPTURE_AUTORELEASING = YES;
				CLANG_WARN_BOOL_CONVERSION = YES;
				CLANG_WARN_COMMA = YES;
				CLANG_WARN_CONSTANT_CONVERSION = YES;
				CLANG_WARN_DEPRECATED_OBJC_IMPLEMENTATIONS = YES;
				CLANG_WARN_DIRECT_OBJC_ISA_USAGE = YES_ERROR;
				CLANG_WARN_DOCUMENTATION_COMMENTS = YES;
				CLANG_WARN_EMPTY_BODY = YES;
				CLANG_WARN_ENUM_CONVERSION = YES;
				CLANG_WARN_INFINITE_RECURSION = YES;
				CLANG_WARN_INT_CONVERSION = YES;
				CLANG_WARN_NON_LITERAL_NULL_CONVERSION = YES;
				CLANG_WARN_OBJC_IMPLICIT_RETAIN_SELF = YES;
				CLANG_WARN_OBJC_LITERAL_CONVERSION = YES;
				CLANG_WARN_OBJC_ROOT_CLASS = YES_ERROR;
				CLANG_WARN_QUOTED_INCLUDE_IN_FRAMEWORK_HEADER = YES;
				CLANG_WARN_RANGE_LOOP_ANALYSIS = YES;
				CLANG_WARN_STRICT_PROTOTYPES = YES;
				CLANG_WARN_SUSPICIOUS_MOVE = YES;
				CLANG_WARN_UNGUARDED_AVAILABILITY = YES_AGGRESSIVE;
				CLANG_WARN_UNREACHABLE_CODE = YES;
				CLANG_WARN__DUPLICATE_METHOD_MATCH = YES;
				COPY_PHASE_STRIP = NO;
				DEBUG_INFORMATION_FORMAT = "dwarf-with-dsym";
				ENABLE_NS_ASSERTIONS = NO;
				ENABLE_STRICT_OBJC_MSGSEND = YES;
				GCC_C_LANGUAGE_STANDARD = gnu11;
				GCC_NO_COMMON_BLOCKS = YES;
				GCC_WARN_64_TO_32_BIT_CONVERSION = YES;
				GCC_WARN_ABOUT_RETURN_TYPE = YES_ERROR;
				GCC_WARN_UNDECLARED_SELECTOR = YES;
				GCC_WARN_UNINITIALIZED_AUTOS = YES_AGGRESSIVE;
				GCC_WARN_UNUSED_FUNCTION = YES;
				GCC_WARN_UNUSED_VARIABLE = YES;
				IPHONEOS_DEPLOYMENT_TARGET = 14.1;
				MTL_ENABLE_DEBUG_INFO = NO;
				MTL_FAST_MATH = YES;
				SDKROOT = iphoneos;
				SWIFT_COMPILATION_MODE = wholemodule;
				SWIFT_OPTIMIZATION_LEVEL = "-O";
				VALIDATE_PRODUCT = YES;
			};
			name = Release;
		};
		F1EC390125963EE600C43F6E /* Debug */ = {
			isa = XCBuildConfiguration;
			buildSettings = {
				ASSETCATALOG_COMPILER_APPICON_NAME = AppIcon;
				ASSETCATALOG_COMPILER_GLOBAL_ACCENT_COLOR_NAME = AccentColor;
				CODE_SIGN_STYLE = Automatic;
				DEVELOPMENT_ASSET_PATHS = "\"MyCryptoPortfolio/Preview Content\"";
				DEVELOPMENT_TEAM = 72YWPUVUXH;
				ENABLE_PREVIEWS = YES;
				INFOPLIST_FILE = MyCryptoPortfolio/Info.plist;
				LD_RUNPATH_SEARCH_PATHS = (
					"$(inherited)",
					"@executable_path/Frameworks",
				);
				PRODUCT_BUNDLE_IDENTIFIER = Test.MyCryptoPortfolio;
				PRODUCT_NAME = "$(TARGET_NAME)";
				SWIFT_VERSION = 5.0;
				TARGETED_DEVICE_FAMILY = "1,2";
			};
			name = Debug;
		};
		F1EC390225963EE600C43F6E /* Release */ = {
			isa = XCBuildConfiguration;
			buildSettings = {
				ASSETCATALOG_COMPILER_APPICON_NAME = AppIcon;
				ASSETCATALOG_COMPILER_GLOBAL_ACCENT_COLOR_NAME = AccentColor;
				CODE_SIGN_STYLE = Automatic;
				DEVELOPMENT_ASSET_PATHS = "\"MyCryptoPortfolio/Preview Content\"";
				DEVELOPMENT_TEAM = 72YWPUVUXH;
				ENABLE_PREVIEWS = YES;
				INFOPLIST_FILE = MyCryptoPortfolio/Info.plist;
				LD_RUNPATH_SEARCH_PATHS = (
					"$(inherited)",
					"@executable_path/Frameworks",
				);
				PRODUCT_BUNDLE_IDENTIFIER = Test.MyCryptoPortfolio;
				PRODUCT_NAME = "$(TARGET_NAME)";
				SWIFT_VERSION = 5.0;
				TARGETED_DEVICE_FAMILY = "1,2";
			};
			name = Release;
		};
		F1EC390425963EE600C43F6E /* Debug */ = {
			isa = XCBuildConfiguration;
			buildSettings = {
				ALWAYS_EMBED_SWIFT_STANDARD_LIBRARIES = YES;
				BUNDLE_LOADER = "$(TEST_HOST)";
				CODE_SIGN_STYLE = Automatic;
				DEVELOPMENT_TEAM = 72YWPUVUXH;
				INFOPLIST_FILE = MyCryptoPortfolioTests/Info.plist;
				IPHONEOS_DEPLOYMENT_TARGET = 14.1;
				LD_RUNPATH_SEARCH_PATHS = (
					"$(inherited)",
					"@executable_path/Frameworks",
					"@loader_path/Frameworks",
				);
				PRODUCT_BUNDLE_IDENTIFIER = Test.MyCryptoPortfolioTests;
				PRODUCT_NAME = "$(TARGET_NAME)";
				SWIFT_VERSION = 5.0;
				TARGETED_DEVICE_FAMILY = "1,2";
				TEST_HOST = "$(BUILT_PRODUCTS_DIR)/MyCryptoPortfolio.app/MyCryptoPortfolio";
			};
			name = Debug;
		};
		F1EC390525963EE600C43F6E /* Release */ = {
			isa = XCBuildConfiguration;
			buildSettings = {
				ALWAYS_EMBED_SWIFT_STANDARD_LIBRARIES = YES;
				BUNDLE_LOADER = "$(TEST_HOST)";
				CODE_SIGN_STYLE = Automatic;
				DEVELOPMENT_TEAM = 72YWPUVUXH;
				INFOPLIST_FILE = MyCryptoPortfolioTests/Info.plist;
				IPHONEOS_DEPLOYMENT_TARGET = 14.1;
				LD_RUNPATH_SEARCH_PATHS = (
					"$(inherited)",
					"@executable_path/Frameworks",
					"@loader_path/Frameworks",
				);
				PRODUCT_BUNDLE_IDENTIFIER = Test.MyCryptoPortfolioTests;
				PRODUCT_NAME = "$(TARGET_NAME)";
				SWIFT_VERSION = 5.0;
				TARGETED_DEVICE_FAMILY = "1,2";
				TEST_HOST = "$(BUILT_PRODUCTS_DIR)/MyCryptoPortfolio.app/MyCryptoPortfolio";
			};
			name = Release;
		};
		F1EC390725963EE600C43F6E /* Debug */ = {
			isa = XCBuildConfiguration;
			buildSettings = {
				ALWAYS_EMBED_SWIFT_STANDARD_LIBRARIES = YES;
				CODE_SIGN_STYLE = Automatic;
				DEVELOPMENT_TEAM = 72YWPUVUXH;
				INFOPLIST_FILE = MyCryptoPortfolioUITests/Info.plist;
				LD_RUNPATH_SEARCH_PATHS = (
					"$(inherited)",
					"@executable_path/Frameworks",
					"@loader_path/Frameworks",
				);
				PRODUCT_BUNDLE_IDENTIFIER = Test.MyCryptoPortfolioUITests;
				PRODUCT_NAME = "$(TARGET_NAME)";
				SWIFT_VERSION = 5.0;
				TARGETED_DEVICE_FAMILY = "1,2";
				TEST_TARGET_NAME = MyCryptoPortfolio;
			};
			name = Debug;
		};
		F1EC390825963EE600C43F6E /* Release */ = {
			isa = XCBuildConfiguration;
			buildSettings = {
				ALWAYS_EMBED_SWIFT_STANDARD_LIBRARIES = YES;
				CODE_SIGN_STYLE = Automatic;
				DEVELOPMENT_TEAM = 72YWPUVUXH;
				INFOPLIST_FILE = MyCryptoPortfolioUITests/Info.plist;
				LD_RUNPATH_SEARCH_PATHS = (
					"$(inherited)",
					"@executable_path/Frameworks",
					"@loader_path/Frameworks",
				);
				PRODUCT_BUNDLE_IDENTIFIER = Test.MyCryptoPortfolioUITests;
				PRODUCT_NAME = "$(TARGET_NAME)";
				SWIFT_VERSION = 5.0;
				TARGETED_DEVICE_FAMILY = "1,2";
				TEST_TARGET_NAME = MyCryptoPortfolio;
			};
			name = Release;
		};
/* End XCBuildConfiguration section */

/* Begin XCConfigurationList section */
		F1EC38D125963EE400C43F6E /* Build configuration list for PBXProject "MyCryptoPortfolio" */ = {
			isa = XCConfigurationList;
			buildConfigurations = (
				F1EC38FE25963EE600C43F6E /* Debug */,
				F1EC38FF25963EE600C43F6E /* Release */,
			);
			defaultConfigurationIsVisible = 0;
			defaultConfigurationName = Release;
		};
		F1EC390025963EE600C43F6E /* Build configuration list for PBXNativeTarget "MyCryptoPortfolio" */ = {
			isa = XCConfigurationList;
			buildConfigurations = (
				F1EC390125963EE600C43F6E /* Debug */,
				F1EC390225963EE600C43F6E /* Release */,
			);
			defaultConfigurationIsVisible = 0;
			defaultConfigurationName = Release;
		};
		F1EC390325963EE600C43F6E /* Build configuration list for PBXNativeTarget "MyCryptoPortfolioTests" */ = {
			isa = XCConfigurationList;
			buildConfigurations = (
				F1EC390425963EE600C43F6E /* Debug */,
				F1EC390525963EE600C43F6E /* Release */,
			);
			defaultConfigurationIsVisible = 0;
			defaultConfigurationName = Release;
		};
		F1EC390625963EE600C43F6E /* Build configuration list for PBXNativeTarget "MyCryptoPortfolioUITests" */ = {
			isa = XCConfigurationList;
			buildConfigurations = (
				F1EC390725963EE600C43F6E /* Debug */,
				F1EC390825963EE600C43F6E /* Release */,
			);
			defaultConfigurationIsVisible = 0;
			defaultConfigurationName = Release;
		};
/* End XCConfigurationList section */
	};
	rootObject = F1EC38CE25963EE400C43F6E /* Project object */;
}
